
Microsoft Visual Studio Solution File, Format Version 12.00
# Visual Studio Version 17
VisualStudioVersion = 17.4.33403.182
MinimumVisualStudioVersion = 10.0.40219.1
Project("{FAE04EC0-301F-11D3-BF4B-00C04F79EFBC}") = "XS.Core2", "XS.Core2\XS.Core2.csproj", "{97B36A53-A289-4013-A588-EB62B393E4ED}"
EndProject
Project("{FAE04EC0-301F-11D3-BF4B-00C04F79EFBC}") = "XS.Core2Test", "XS.Core2Test\XS.Core2Test.csproj", "{9E11C32B-2CAC-4320-9AB5-1698BDF0C043}"
EndProject
Global
	GlobalSection(SolutionConfigurationPlatforms) = preSolution
		Debug|Any CPU = Debug|Any CPU
		Release|Any CPU = Release|Any CPU
	EndGlobalSection
	GlobalSection(ProjectConfigurationPlatforms) = postSolution
		{97B36A53-A289-4013-A588-EB62B393E4ED}.Debug|Any CPU.ActiveCfg = Debug|Any CPU
		{97B36A53-A289-4013-A588-EB62B393E4ED}.Debug|Any CPU.Build.0 = Debug|Any CPU
		{97B36A53-A289-4013-A588-EB62B393E4ED}.Release|Any CPU.ActiveCfg = Release|Any CPU
		{97B36A53-A289-4013-A588-EB62B393E4ED}.Release|Any CPU.Build.0 = Release|Any CPU
		{9E11C32B-2CAC-4320-9AB5-1698BDF0C043}.Debug|Any CPU.ActiveCfg = Debug|Any CPU
		{9E11C32B-2CAC-4320-9AB5-1698BDF0C043}.Debug|Any CPU.Build.0 = Debug|Any CPU
		{9E11C32B-2CAC-4320-9AB5-1698BDF0C043}.Release|Any CPU.ActiveCfg = Release|Any CPU
		{9E11C32B-2CAC-4320-9AB5-1698BDF0C043}.Release|Any CPU.Build.0 = Release|Any CPU
	EndGlobalSection
	GlobalSection(SolutionProperties) = preSolution
		HideSolutionNode = FALSE
	EndGlobalSection
	GlobalSection(ExtensibilityGlobals) = postSolution
		SolutionGuid = {97312DD2-1758-4179-BBBD-3428252C2628}
	EndGlobalSection
EndGlobal
